
Microsoft Visual Studio Solution File, Format Version 11.00
# Visual Studio 2010
Project("{FAE04EC0-301F-11D3-BF4B-00C04F79EFBC}") = "TodoTask", "TodoTask\TodoTask.csproj", "{6F7114E4-DBF3-4FCD-9DBC-2CEE02302C01}"
EndProject
Project("{FAE04EC0-301F-11D3-BF4B-00C04F79EFBC}") = "TodoTask.Core", "TodoTask.Core\TodoTask.Core.csproj", "{B5BE7135-17E0-4E25-A1B1-70EA2306C04B}"
EndProject
Global
	GlobalSection(SolutionConfigurationPlatforms) = preSolution
		Debug|Any CPU = Debug|Any CPU
		Release|Any CPU = Release|Any CPU
	EndGlobalSection
	GlobalSection(ProjectConfigurationPlatforms) = postSolution
		{6F7114E4-DBF3-4FCD-9DBC-2CEE02302C01}.Debug|Any CPU.ActiveCfg = Debug|Any CPU
		{6F7114E4-DBF3-4FCD-9DBC-2CEE02302C01}.Debug|Any CPU.Build.0 = Debug|Any CPU
		{6F7114E4-DBF3-4FCD-9DBC-2CEE02302C01}.Release|Any CPU.ActiveCfg = Release|Any CPU
		{6F7114E4-DBF3-4FCD-9DBC-2CEE02302C01}.Release|Any CPU.Build.0 = Release|Any CPU
		{B5BE7135-17E0-4E25-A1B1-70EA2306C04B}.Debug|Any CPU.ActiveCfg = Debug|Any CPU
		{B5BE7135-17E0-4E25-A1B1-70EA2306C04B}.Debug|Any CPU.Build.0 = Debug|Any CPU
		{B5BE7135-17E0-4E25-A1B1-70EA2306C04B}.Release|Any CPU.ActiveCfg = Release|Any CPU
		{B5BE7135-17E0-4E25-A1B1-70EA2306C04B}.Release|Any CPU.Build.0 = Release|Any CPU
	EndGlobalSection
	GlobalSection(MonoDevelopProperties) = preSolution
		StartupItem = TodoTask\TodoTask.csproj
	EndGlobalSection
EndGlobal
